
Microsoft Visual Studio Solution File, Format Version 12.00
# Visual Studio Version 16
VisualStudioVersion = 16.0.32228.343
MinimumVisualStudioVersion = 10.0.40219.1
Project("{FAE04EC0-301F-11D3-BF4B-00C04F79EFBC}") = "Zikunov.ServiceStation.WebApp", "Zikunov.ServiceStation.WebApp\Zikunov.ServiceStation.WebApp.csproj", "{D3CCE668-E1EF-49DA-9082-55B0F53D3FFB}"
EndProject
Global
	GlobalSection(SolutionConfigurationPlatforms) = preSolution
		Debug|Any CPU = Debug|Any CPU
		Release|Any CPU = Release|Any CPU
	EndGlobalSection
	GlobalSection(ProjectConfigurationPlatforms) = postSolution
		{D3CCE668-E1EF-49DA-9082-55B0F53D3FFB}.Debug|Any CPU.ActiveCfg = Debug|Any CPU
		{D3CCE668-E1EF-49DA-9082-55B0F53D3FFB}.Debug|Any CPU.Build.0 = Debug|Any CPU
		{D3CCE668-E1EF-49DA-9082-55B0F53D3FFB}.Release|Any CPU.ActiveCfg = Release|Any CPU
		{D3CCE668-E1EF-49DA-9082-55B0F53D3FFB}.Release|Any CPU.Build.0 = Release|Any CPU
	EndGlobalSection
	GlobalSection(SolutionProperties) = preSolution
		HideSolutionNode = FALSE
	EndGlobalSection
	GlobalSection(ExtensibilityGlobals) = postSolution
		SolutionGuid = {F64B93C0-949A-4307-B1F8-B15B3C6806CE}
	EndGlobalSection
EndGlobal
